{
  "version": 4,
  "terraform_version": "0.12.3",
  "serial": 9,
  "lineage": "095cd028-a79b-0753-a64a-2b8b67d89e71",
  "outputs": {},
  "resources": [
    {
      "mode": "managed",
      "type": "google_compute_address",
      "name": "static",
      "provider": "provider.google",
      "instances": [
        {
          "schema_version": 0,
          "attributes": {
            "address": "34.93.55.41",
            "address_type": "EXTERNAL",
            "creation_timestamp": "2019-06-30T05:37:15.859-07:00",
            "description": "",
            "id": "devopspractise-235014/asia-south1/ipv4-address",
            "name": "ipv4-address",
            "network_tier": "PREMIUM",
            "project": "devopspractise-235014",
            "region": "asia-south1",
            "self_link": "https://www.googleapis.com/compute/v1/projects/devopspractise-235014/regions/asia-south1/addresses/ipv4-address",
            "subnetwork": "",
            "timeouts": null,
            "users": [
              "https://www.googleapis.com/compute/v1/projects/devopspractise-235014/zones/asia-south1-a/instances/terraforminstance"
            ]
          },
          "private": "eyJlMmJmYjczMC1lY2FhLTExZTYtOGY4OC0zNDM2M2JjN2M0YzAiOnsiY3JlYXRlIjoyNDAwMDAwMDAwMDAsImRlbGV0ZSI6MjQwMDAwMDAwMDAwfX0="
        }
      ]
    },
    {
      "mode": "managed",
      "type": "google_compute_instance",
      "name": "tf_gcp_instance",
      "provider": "provider.google",
      "instances": [
        {
          "schema_version": 6,
          "attributes": {
            "allow_stopping_for_update": null,
            "attached_disk": [],
            "boot_disk": [
              {
                "auto_delete": true,
                "device_name": "persistent-disk-0",
                "disk_encryption_key_raw": "",
                "disk_encryption_key_sha256": "",
                "initialize_params": [
                  {
                    "image": "https://www.googleapis.com/compute/v1/projects/debian-cloud/global/images/debian-9-stretch-v20190618",
                    "size": 10,
                    "type": "pd-standard"
                  }
                ],
                "kms_key_self_link": "",
                "source": "https://www.googleapis.com/compute/v1/projects/devopspractise-235014/zones/asia-south1-a/disks/terraforminstance"
              }
            ],
            "can_ip_forward": false,
            "cpu_platform": "Intel Skylake",
            "deletion_protection": false,
            "description": null,
            "disk": [],
            "guest_accelerator": [],
            "hostname": "",
            "id": "terraforminstance",
            "instance_id": "564623863300035618",
            "label_fingerprint": "42WmSpB8rSM=",
            "labels": {},
            "machine_type": "n1-standard-1",
            "metadata": {},
            "metadata_fingerprint": "1OH5h5s0mYI=",
            "metadata_startup_script": "",
            "min_cpu_platform": "",
            "name": "terraforminstance",
            "network_interface": [
              {
                "access_config": [
                  {
                    "assigned_nat_ip": "",
                    "nat_ip": "34.93.55.41",
                    "network_tier": "PREMIUM",
                    "public_ptr_domain_name": ""
                  }
                ],
                "address": "",
                "alias_ip_range": [],
                "name": "nic0",
                "network": "https://www.googleapis.com/compute/v1/projects/devopspractise-235014/global/networks/default",
                "network_ip": "10.160.0.8",
                "subnetwork": "https://www.googleapis.com/compute/v1/projects/devopspractise-235014/regions/asia-south1/subnetworks/default",
                "subnetwork_project": "devopspractise-235014"
              }
            ],
            "project": "devopspractise-235014",
            "scheduling": [
              {
                "automatic_restart": true,
                "node_affinities": [],
                "on_host_maintenance": "MIGRATE",
                "preemptible": false
              }
            ],
            "scratch_disk": [],
            "self_link": "https://www.googleapis.com/compute/v1/projects/devopspractise-235014/zones/asia-south1-a/instances/terraforminstance",
            "service_account": [],
            "shielded_instance_config": [],
            "tags": [],
            "tags_fingerprint": "42WmSpB8rSM=",
            "timeouts": null,
            "zone": "asia-south1-a"
          },
          "private": "eyJlMmJmYjczMC1lY2FhLTExZTYtOGY4OC0zNDM2M2JjN2M0YzAiOnsiY3JlYXRlIjoxMjAwMDAwMDAwMDAwLCJkZWxldGUiOjEyMDAwMDAwMDAwMDAsInVwZGF0ZSI6MTIwMDAwMDAwMDAwMH0sInNjaGVtYV92ZXJzaW9uIjoiNiJ9",
          "depends_on": [
            "google_compute_address.static"
          ]
        }
      ]
    }
  ]
}
