{
  "version": 4,
  "terraform_version": "0.12.3",
  "serial": 14,
  "lineage": "562da678-346e-e467-ecfd-6504a38d5320",
  "outputs": {
    "tf_public_ip": {
      "value": "3.84.34.168",
      "type": "string"
    }
  },
  "resources": [
    {
      "mode": "managed",
      "type": "aws_instance",
      "name": "tf_ec2ubuntu",
      "provider": "provider.aws",
      "instances": [
        {
          "schema_version": 1,
          "attributes": {
            "ami": "ami-024a64a6685d05041",
            "arn": "arn:aws:ec2:us-east-1:977176859364:instance/i-05a4bdbc5cd8cc652",
            "associate_public_ip_address": true,
            "availability_zone": "us-east-1c",
            "cpu_core_count": 1,
            "cpu_threads_per_core": 1,
            "credit_specification": [
              {
                "cpu_credits": "standard"
              }
            ],
            "disable_api_termination": false,
            "ebs_block_device": [],
            "ebs_optimized": false,
            "ephemeral_block_device": [],
            "get_password_data": false,
            "host_id": null,
            "iam_instance_profile": "",
            "id": "i-05a4bdbc5cd8cc652",
            "instance_initiated_shutdown_behavior": null,
            "instance_state": "running",
            "instance_type": "t2.micro",
            "ipv6_address_count": 0,
            "ipv6_addresses": [],
            "key_name": "newkey",
            "monitoring": false,
            "network_interface": [],
            "network_interface_id": null,
            "password_data": "",
            "placement_group": "",
            "primary_network_interface_id": "eni-06515ca497e1cd5a1",
            "private_dns": "ip-172-31-89-169.ec2.internal",
            "private_ip": "172.31.89.169",
            "public_dns": "ec2-3-84-34-168.compute-1.amazonaws.com",
            "public_ip": "3.84.34.168",
            "root_block_device": [
              {
                "delete_on_termination": true,
                "iops": 100,
                "volume_id": "vol-03f688b31d6169d39",
                "volume_size": 8,
                "volume_type": "gp2"
              }
            ],
            "security_groups": [
              "default"
            ],
            "source_dest_check": true,
            "subnet_id": "subnet-aa562d84",
            "tags": {
              "Env": "production",
              "Name": "ubuntu_server2"
            },
            "tenancy": "default",
            "timeouts": null,
            "user_data": null,
            "user_data_base64": null,
            "volume_tags": {},
            "vpc_security_group_ids": [
              "sg-71d3c036"
            ]
          },
          "private": "eyJlMmJmYjczMC1lY2FhLTExZTYtOGY4OC0zNDM2M2JjN2M0YzAiOnsiY3JlYXRlIjo2MDAwMDAwMDAwMDAsImRlbGV0ZSI6MTIwMDAwMDAwMDAwMCwidXBkYXRlIjo2MDAwMDAwMDAwMDB9LCJzY2hlbWFfdmVyc2lvbiI6IjEifQ==",
          "depends_on": [
            "aws_key_pair.tf_key"
          ]
        }
      ]
    },
    {
      "mode": "managed",
      "type": "aws_key_pair",
      "name": "tf_key",
      "provider": "provider.aws",
      "instances": [
        {
          "schema_version": 1,
          "attributes": {
            "fingerprint": "81:12:c5:7c:c1:e0:9c:82:ae:67:56:ba:cf:1e:f0:ac",
            "id": "newkey",
            "key_name": "newkey",
            "key_name_prefix": null,
            "public_key": "ssh-rsa AAAAB3NzaC1yc2EAAAADAQABAAABAQCfOlbs8kRCCzKs9EcNQA5tNyFvdoqi8fSEUwZo34OAG8ceTLsJZMuO+Q2NHsLWbqaBrn1xIqhP9Jrzn54qNS0rnkI3xFcCUab4OKSEYgGP42DPvMZTlcEh0IfvO0fV+4dHw/iNAm3Kf+pL8dlNBG5O2GQeHBF1oGvUbOHfA+k+2cvLK9X3q8INn+vEv8/lFLucKvskv/M+/wzkiWdiPxl2SNbcEY94Z7Eq6bvSAWf21GgtV65vXpQ5gSQHBilYS3Y/0EAqweA39Q+pgZgQKWMahwmjmNBUImNosoCN/XfRiUqGVRr9p+0lufvdaP0b2dzshRBxY8UKq2+nyT76naZF indira siva@DESKTOP-NL03JRM"
          },
          "private": "eyJzY2hlbWFfdmVyc2lvbiI6IjEifQ=="
        }
      ]
    }
  ]
}
