{
  "version": 4,
  "terraform_version": "0.12.3",
  "serial": 73,
  "lineage": "562da678-346e-e467-ecfd-6504a38d5320",
  "outputs": {
    "m-ec2-public-ip-1": {
      "value": "3.83.83.9",
      "type": "string"
    },
    "m-ec2-public-ip-2": {
      "value": "52.90.110.96",
      "type": "string"
    }
  },
  "resources": [
    {
      "module": "module.m-webserver",
      "mode": "data",
      "type": "template_file",
      "name": "userdata",
      "provider": "provider.template",
      "instances": [
        {
          "schema_version": 0,
          "attributes": {
            "filename": null,
            "id": "4f8e725fdeb26b7f8c9271bd9f28ea1b1afddd0290bfe1eba2c35ed05019c3a3",
            "rendered": "#!/bin/bash\r\n\r\ntouch /tmp/testing.txt\r\necho \"$mytag\" \u003e tags.txt \r\n",
            "template": "#!/bin/bash\r\n\r\ntouch /tmp/testing.txt\r\necho \"$mytag\" \u003e tags.txt \r\n",
            "vars": {
              "mytag": "Example-1"
            }
          }
        }
      ]
    },
    {
      "module": "module.m-webserver-1",
      "mode": "data",
      "type": "template_file",
      "name": "userdata",
      "provider": "provider.template",
      "instances": [
        {
          "schema_version": 0,
          "attributes": {
            "filename": null,
            "id": "4f8e725fdeb26b7f8c9271bd9f28ea1b1afddd0290bfe1eba2c35ed05019c3a3",
            "rendered": "#!/bin/bash\r\n\r\ntouch /tmp/testing.txt\r\necho \"$mytag\" \u003e tags.txt \r\n",
            "template": "#!/bin/bash\r\n\r\ntouch /tmp/testing.txt\r\necho \"$mytag\" \u003e tags.txt \r\n",
            "vars": {
              "mytag": "Example-2"
            }
          }
        }
      ]
    },
    {
      "module": "module.m-webserver",
      "mode": "managed",
      "type": "aws_instance",
      "name": "tf_ec2ubuntu",
      "provider": "provider.aws",
      "instances": [
        {
          "schema_version": 1,
          "attributes": {
            "ami": "ami-024a64a6685d05041",
            "arn": "arn:aws:ec2:us-east-1:977176859364:instance/i-0db8d0cee359511ae",
            "associate_public_ip_address": true,
            "availability_zone": "us-east-1c",
            "cpu_core_count": 1,
            "cpu_threads_per_core": 1,
            "credit_specification": [
              {
                "cpu_credits": "standard"
              }
            ],
            "disable_api_termination": false,
            "ebs_block_device": [],
            "ebs_optimized": false,
            "ephemeral_block_device": [],
            "get_password_data": false,
            "host_id": null,
            "iam_instance_profile": "",
            "id": "i-0db8d0cee359511ae",
            "instance_initiated_shutdown_behavior": null,
            "instance_state": "running",
            "instance_type": "t2.micro",
            "ipv6_address_count": 0,
            "ipv6_addresses": [],
            "key_name": "my-key",
            "monitoring": false,
            "network_interface": [],
            "network_interface_id": null,
            "password_data": "",
            "placement_group": "",
            "primary_network_interface_id": "eni-05e0db2792fda4e66",
            "private_dns": "ip-172-31-81-7.ec2.internal",
            "private_ip": "172.31.81.7",
            "public_dns": "ec2-3-83-83-9.compute-1.amazonaws.com",
            "public_ip": "3.83.83.9",
            "root_block_device": [
              {
                "delete_on_termination": true,
                "iops": 100,
                "volume_id": "vol-0b0ba2bc491439887",
                "volume_size": 8,
                "volume_type": "gp2"
              }
            ],
            "security_groups": [
              "default"
            ],
            "source_dest_check": true,
            "subnet_id": "subnet-aa562d84",
            "tags": {
              "Env": "production",
              "Name": "Example-1"
            },
            "tenancy": "default",
            "timeouts": null,
            "user_data": "b10234d2f065435aea37dff2c63965a77de3f17a",
            "user_data_base64": null,
            "volume_tags": {},
            "vpc_security_group_ids": [
              "sg-71d3c036"
            ]
          },
          "private": "eyJlMmJmYjczMC1lY2FhLTExZTYtOGY4OC0zNDM2M2JjN2M0YzAiOnsiY3JlYXRlIjo2MDAwMDAwMDAwMDAsImRlbGV0ZSI6MTIwMDAwMDAwMDAwMCwidXBkYXRlIjo2MDAwMDAwMDAwMDB9LCJzY2hlbWFfdmVyc2lvbiI6IjEifQ==",
          "depends_on": [
            "data.template_file.userdata"
          ]
        }
      ]
    },
    {
      "module": "module.m-webserver-1",
      "mode": "managed",
      "type": "aws_instance",
      "name": "tf_ec2ubuntu",
      "provider": "provider.aws",
      "instances": [
        {
          "schema_version": 1,
          "attributes": {
            "ami": "ami-024a64a6685d05041",
            "arn": "arn:aws:ec2:us-east-1:977176859364:instance/i-003d31b154ad6bf37",
            "associate_public_ip_address": true,
            "availability_zone": "us-east-1c",
            "cpu_core_count": 1,
            "cpu_threads_per_core": 1,
            "credit_specification": [
              {
                "cpu_credits": "standard"
              }
            ],
            "disable_api_termination": false,
            "ebs_block_device": [],
            "ebs_optimized": false,
            "ephemeral_block_device": [],
            "get_password_data": false,
            "host_id": null,
            "iam_instance_profile": "",
            "id": "i-003d31b154ad6bf37",
            "instance_initiated_shutdown_behavior": null,
            "instance_state": "running",
            "instance_type": "t2.micro",
            "ipv6_address_count": 0,
            "ipv6_addresses": [],
            "key_name": "my-key",
            "monitoring": false,
            "network_interface": [],
            "network_interface_id": null,
            "password_data": "",
            "placement_group": "",
            "primary_network_interface_id": "eni-0e6c8dc12be679f77",
            "private_dns": "ip-172-31-84-205.ec2.internal",
            "private_ip": "172.31.84.205",
            "public_dns": "ec2-52-90-110-96.compute-1.amazonaws.com",
            "public_ip": "52.90.110.96",
            "root_block_device": [
              {
                "delete_on_termination": true,
                "iops": 100,
                "volume_id": "vol-04fe8e17c635db4b2",
                "volume_size": 8,
                "volume_type": "gp2"
              }
            ],
            "security_groups": [
              "default"
            ],
            "source_dest_check": true,
            "subnet_id": "subnet-aa562d84",
            "tags": {
              "Env": "production",
              "Name": "Example-2"
            },
            "tenancy": "default",
            "timeouts": null,
            "user_data": "b10234d2f065435aea37dff2c63965a77de3f17a",
            "user_data_base64": null,
            "volume_tags": {},
            "vpc_security_group_ids": [
              "sg-71d3c036"
            ]
          },
          "private": "eyJlMmJmYjczMC1lY2FhLTExZTYtOGY4OC0zNDM2M2JjN2M0YzAiOnsiY3JlYXRlIjo2MDAwMDAwMDAwMDAsImRlbGV0ZSI6MTIwMDAwMDAwMDAwMCwidXBkYXRlIjo2MDAwMDAwMDAwMDB9LCJzY2hlbWFfdmVyc2lvbiI6IjEifQ==",
          "depends_on": [
            "data.template_file.userdata"
          ]
        }
      ]
    },
    {
      "module": "module.m-key-pair",
      "mode": "managed",
      "type": "aws_key_pair",
      "name": "tf_key",
      "provider": "provider.aws",
      "instances": [
        {
          "schema_version": 1,
          "attributes": {
            "fingerprint": "81:12:c5:7c:c1:e0:9c:82:ae:67:56:ba:cf:1e:f0:ac",
            "id": "my-key",
            "key_name": "my-key",
            "key_name_prefix": null,
            "public_key": "ssh-rsa AAAAB3NzaC1yc2EAAAADAQABAAABAQCfOlbs8kRCCzKs9EcNQA5tNyFvdoqi8fSEUwZo34OAG8ceTLsJZMuO+Q2NHsLWbqaBrn1xIqhP9Jrzn54qNS0rnkI3xFcCUab4OKSEYgGP42DPvMZTlcEh0IfvO0fV+4dHw/iNAm3Kf+pL8dlNBG5O2GQeHBF1oGvUbOHfA+k+2cvLK9X3q8INn+vEv8/lFLucKvskv/M+/wzkiWdiPxl2SNbcEY94Z7Eq6bvSAWf21GgtV65vXpQ5gSQHBilYS3Y/0EAqweA39Q+pgZgQKWMahwmjmNBUImNosoCN/XfRiUqGVRr9p+0lufvdaP0b2dzshRBxY8UKq2+nyT76naZF indira siva@DESKTOP-NL03JRM"
          },
          "private": "eyJzY2hlbWFfdmVyc2lvbiI6IjEifQ=="
        }
      ]
    }
  ]
}
