{
  "version": 4,
  "terraform_version": "0.12.3",
  "serial": 7,
  "lineage": "9ffeb250-2d85-8cf9-8c61-e6fa76522515",
  "outputs": {
    "bucket_name": {
      "value": "gs://svarre-storage-demo-terraform-55909",
      "type": "string"
    }
  },
  "resources": [
    {
      "mode": "managed",
      "type": "google_storage_bucket",
      "name": "tf_bucket",
      "provider": "provider.google",
      "instances": [
        {
          "schema_version": 0,
          "attributes": {
            "bucket_policy_only": false,
            "cors": [],
            "encryption": [],
            "force_destroy": true,
            "id": "svarre-storage-demo-terraform-55909",
            "labels": null,
            "lifecycle_rule": [],
            "location": "ASIA-SOUTH1",
            "logging": [],
            "name": "svarre-storage-demo-terraform-55909",
            "predefined_acl": null,
            "project": "svarre-storage-demo",
            "requester_pays": false,
            "self_link": "https://www.googleapis.com/storage/v1/b/svarre-storage-demo-terraform-55909",
            "storage_class": "REGIONAL",
            "url": "gs://svarre-storage-demo-terraform-55909",
            "versioning": [],
            "website": []
          },
          "private": "bnVsbA==",
          "depends_on": [
            "random_id.tf_random_id"
          ]
        }
      ]
    },
    {
      "mode": "managed",
      "type": "random_id",
      "name": "tf_random_id",
      "provider": "provider.random",
      "instances": [
        {
          "schema_version": 0,
          "attributes": {
            "b64": "2mU",
            "b64_std": "2mU=",
            "b64_url": "2mU",
            "byte_length": 2,
            "dec": "55909",
            "hex": "da65",
            "id": "2mU",
            "keepers": null,
            "prefix": null
          }
        }
      ]
    }
  ]
}
