{
  "version": 4,
  "terraform_version": "0.12.3",
  "serial": 26,
  "lineage": "0e3c4a83-698d-a857-7b47-9b97b0bb4606",
  "outputs": {
    "out_randome_id": {
      "value": "112",
      "type": "string"
    }
  },
  "resources": [
    {
      "mode": "managed",
      "type": "random_id",
      "name": "tf_bucket_id",
      "provider": "provider.random",
      "instances": [
        {
          "schema_version": 0,
          "attributes": {
            "b64": "cA",
            "b64_std": "cA==",
            "b64_url": "cA",
            "byte_length": 1,
            "dec": "112",
            "hex": "70",
            "id": "cA",
            "keepers": null,
            "prefix": null
          }
        }
      ]
    }
  ]
}
