{
  "version": 4,
  "terraform_version": "0.12.3",
  "serial": 12,
  "lineage": "0e3c4a83-698d-a857-7b47-9b97b0bb4606",
  "outputs": {
    "out_bucket_name": {
      "value": "testproject-129",
      "type": "string"
    },
    "out_randome_id": {
      "value": "129",
      "type": "string"
    }
  },
  "resources": [
    {
      "mode": "managed",
      "type": "aws_s3_bucket",
      "name": "tf_s3_bucket",
      "provider": "provider.aws",
      "instances": [
        {
          "schema_version": 0,
          "attributes": {
            "acceleration_status": "",
            "acl": "private",
            "arn": "arn:aws:s3:::testproject-129",
            "bucket": "testproject-129",
            "bucket_domain_name": "testproject-129.s3.amazonaws.com",
            "bucket_prefix": null,
            "bucket_regional_domain_name": "testproject-129.s3.amazonaws.com",
            "cors_rule": [],
            "force_destroy": true,
            "hosted_zone_id": "Z3AQBSTGFYJSTF",
            "id": "testproject-129",
            "lifecycle_rule": [],
            "logging": [],
            "object_lock_configuration": [],
            "policy": null,
            "region": "us-east-1",
            "replication_configuration": [],
            "request_payer": "BucketOwner",
            "server_side_encryption_configuration": [],
            "tags": {
              "Name": "tf_bucket"
            },
            "versioning": [
              {
                "enabled": false,
                "mfa_delete": false
              }
            ],
            "website": [],
            "website_domain": null,
            "website_endpoint": null
          },
          "private": "bnVsbA==",
          "depends_on": [
            "random_id.tf_bucket_id"
          ]
        }
      ]
    },
    {
      "mode": "managed",
      "type": "random_id",
      "name": "tf_bucket_id",
      "provider": "provider.random",
      "instances": [
        {
          "schema_version": 0,
          "attributes": {
            "b64": "gQ",
            "b64_std": "gQ==",
            "b64_url": "gQ",
            "byte_length": 1,
            "dec": "129",
            "hex": "81",
            "id": "gQ",
            "keepers": null,
            "prefix": null
          }
        }
      ]
    }
  ]
}
