{
  "version": 4,
  "terraform_version": "0.12.3",
  "serial": 5,
  "lineage": "a3e14531-f36d-4062-b891-52c3cd178f47",
  "outputs": {
    "availability_zone": {
      "value": "us-east-1c",
      "type": "string"
    }
  },
  "resources": [
    {
      "mode": "data",
      "type": "aws_availability_zones",
      "name": "example",
      "provider": "provider.aws",
      "instances": [
        {
          "schema_version": 0,
          "attributes": {
            "blacklisted_names": null,
            "blacklisted_zone_ids": null,
            "id": "2019-07-11 17:50:17.3713831 +0000 UTC",
            "names": [
              "us-east-1a",
              "us-east-1b",
              "us-east-1c",
              "us-east-1d",
              "us-east-1e",
              "us-east-1f"
            ],
            "state": null,
            "zone_ids": [
              "use1-az6",
              "use1-az1",
              "use1-az2",
              "use1-az4",
              "use1-az3",
              "use1-az5"
            ]
          }
        }
      ]
    },
    {
      "mode": "data",
      "type": "aws_instance",
      "name": "dt_instance",
      "provider": "provider.aws",
      "instances": [
        {
          "schema_version": 0,
          "attributes": {
            "ami": "ami-024a64a6685d05041",
            "arn": "arn:aws:ec2:us-east-1:977176859364:instance/i-06cb29c7ed51244a4",
            "associate_public_ip_address": true,
            "availability_zone": "us-east-1c",
            "credit_specification": [
              {
                "cpu_credits": "standard"
              }
            ],
            "disable_api_termination": false,
            "ebs_block_device": [],
            "ebs_optimized": false,
            "ephemeral_block_device": [],
            "filter": null,
            "get_password_data": false,
            "get_user_data": false,
            "host_id": null,
            "iam_instance_profile": "",
            "id": "i-06cb29c7ed51244a4",
            "instance_id": "i-06cb29c7ed51244a4",
            "instance_state": "running",
            "instance_tags": null,
            "instance_type": "t2.micro",
            "key_name": "",
            "monitoring": false,
            "network_interface_id": "eni-08059b7fdccb0a184",
            "password_data": null,
            "placement_group": "",
            "private_dns": "ip-172-31-91-97.ec2.internal",
            "private_ip": "172.31.91.97",
            "public_dns": "ec2-34-226-246-172.compute-1.amazonaws.com",
            "public_ip": "34.226.246.172",
            "root_block_device": [
              {
                "delete_on_termination": true,
                "iops": 100,
                "volume_id": "vol-00b2eb70893aa0434",
                "volume_size": 8,
                "volume_type": "gp2"
              }
            ],
            "security_groups": [
              "default"
            ],
            "source_dest_check": true,
            "subnet_id": "subnet-aa562d84",
            "tags": {},
            "tenancy": "default",
            "user_data": null,
            "user_data_base64": null,
            "vpc_security_group_ids": [
              "sg-71d3c036"
            ]
          },
          "depends_on": [
            "aws_instance.re_instance"
          ]
        }
      ]
    },
    {
      "mode": "managed",
      "type": "aws_instance",
      "name": "re_instance",
      "provider": "provider.aws",
      "instances": [
        {
          "schema_version": 1,
          "attributes": {
            "ami": "ami-024a64a6685d05041",
            "arn": "arn:aws:ec2:us-east-1:977176859364:instance/i-06cb29c7ed51244a4",
            "associate_public_ip_address": true,
            "availability_zone": "us-east-1c",
            "cpu_core_count": 1,
            "cpu_threads_per_core": 1,
            "credit_specification": [
              {
                "cpu_credits": "standard"
              }
            ],
            "disable_api_termination": false,
            "ebs_block_device": [],
            "ebs_optimized": false,
            "ephemeral_block_device": [],
            "get_password_data": false,
            "host_id": null,
            "iam_instance_profile": "",
            "id": "i-06cb29c7ed51244a4",
            "instance_initiated_shutdown_behavior": null,
            "instance_state": "running",
            "instance_type": "t2.micro",
            "ipv6_address_count": 0,
            "ipv6_addresses": [],
            "key_name": "",
            "monitoring": false,
            "network_interface": [],
            "network_interface_id": null,
            "password_data": "",
            "placement_group": "",
            "primary_network_interface_id": "eni-08059b7fdccb0a184",
            "private_dns": "ip-172-31-91-97.ec2.internal",
            "private_ip": "172.31.91.97",
            "public_dns": "ec2-34-226-246-172.compute-1.amazonaws.com",
            "public_ip": "34.226.246.172",
            "root_block_device": [
              {
                "delete_on_termination": true,
                "iops": 100,
                "volume_id": "vol-00b2eb70893aa0434",
                "volume_size": 8,
                "volume_type": "gp2"
              }
            ],
            "security_groups": [
              "default"
            ],
            "source_dest_check": true,
            "subnet_id": "subnet-aa562d84",
            "tags": null,
            "tenancy": "default",
            "timeouts": null,
            "user_data": null,
            "user_data_base64": null,
            "volume_tags": {},
            "vpc_security_group_ids": [
              "sg-71d3c036"
            ]
          },
          "private": "eyJlMmJmYjczMC1lY2FhLTExZTYtOGY4OC0zNDM2M2JjN2M0YzAiOnsiY3JlYXRlIjo2MDAwMDAwMDAwMDAsImRlbGV0ZSI6MTIwMDAwMDAwMDAwMCwidXBkYXRlIjo2MDAwMDAwMDAwMDB9LCJzY2hlbWFfdmVyc2lvbiI6IjEifQ=="
        }
      ]
    }
  ]
}
