{
  "version": 4,
  "terraform_version": "0.12.3",
  "serial": 16,
  "lineage": "f2362224-983f-b413-f53f-c7230fc14ba4",
  "outputs": {
    "availability_zones_list": {
      "value": [
        [
          "us-east-1a",
          "us-east-1b",
          "us-east-1c",
          "us-east-1d",
          "us-east-1e",
          "us-east-1f"
        ]
      ],
      "type": [
        "tuple",
        [
          [
            "list",
            "string"
          ]
        ]
      ]
    },
    "public_route_table_id": {
      "value": "rtb-000e34dd3dd000c25",
      "type": "string"
    },
    "subnet_ids": {
      "value": [
        "subnet-038d60eece18b0c6e",
        "subnet-03eba8a70fa48e123"
      ],
      "type": [
        "tuple",
        [
          "string",
          "string"
        ]
      ]
    },
    "vpc_id": {
      "value": "vpc-0287bdfed6b0b7f7a",
      "type": "string"
    }
  },
  "resources": [
    {
      "mode": "data",
      "type": "aws_availability_zones",
      "name": "dt_azs",
      "provider": "provider.aws",
      "instances": [
        {
          "schema_version": 0,
          "attributes": {
            "blacklisted_names": null,
            "blacklisted_zone_ids": null,
            "id": "2019-08-02 03:22:05.0229698 +0000 UTC",
            "names": [
              "us-east-1a",
              "us-east-1b",
              "us-east-1c",
              "us-east-1d",
              "us-east-1e",
              "us-east-1f"
            ],
            "state": null,
            "zone_ids": [
              "use1-az6",
              "use1-az1",
              "use1-az2",
              "use1-az4",
              "use1-az3",
              "use1-az5"
            ]
          }
        }
      ]
    },
    {
      "mode": "managed",
      "type": "aws_internet_gateway",
      "name": "tf_igw",
      "provider": "provider.aws",
      "instances": [
        {
          "schema_version": 0,
          "attributes": {
            "id": "igw-0fecb0ec0341f4847",
            "owner_id": "977176859364",
            "tags": {
              "Name": "terraform_igw"
            },
            "vpc_id": "vpc-0287bdfed6b0b7f7a"
          },
          "private": "bnVsbA==",
          "depends_on": [
            "aws_vpc.tf_vpc"
          ]
        }
      ]
    },
    {
      "mode": "managed",
      "type": "aws_route_table",
      "name": "tf_public_route",
      "provider": "provider.aws",
      "instances": [
        {
          "schema_version": 0,
          "attributes": {
            "id": "rtb-000e34dd3dd000c25",
            "owner_id": "977176859364",
            "propagating_vgws": [],
            "route": [
              {
                "cidr_block": "0.0.0.0/0",
                "egress_only_gateway_id": "",
                "gateway_id": "igw-0fecb0ec0341f4847",
                "instance_id": "",
                "ipv6_cidr_block": "",
                "nat_gateway_id": "",
                "network_interface_id": "",
                "transit_gateway_id": "",
                "vpc_peering_connection_id": ""
              }
            ],
            "tags": {
              "Name": "Public_Route_Table"
            },
            "vpc_id": "vpc-0287bdfed6b0b7f7a"
          },
          "private": "bnVsbA==",
          "depends_on": [
            "aws_internet_gateway.tf_igw",
            "aws_vpc.tf_vpc"
          ]
        }
      ]
    },
    {
      "mode": "managed",
      "type": "aws_route_table_association",
      "name": "tf_public_route_assoc",
      "each": "list",
      "provider": "provider.aws",
      "instances": [
        {
          "index_key": 0,
          "schema_version": 0,
          "attributes": {
            "id": "rtbassoc-05e8a2fd66bb845a4",
            "route_table_id": "rtb-000e34dd3dd000c25",
            "subnet_id": "subnet-038d60eece18b0c6e"
          },
          "private": "bnVsbA==",
          "depends_on": [
            "aws_route_table.tf_public_route",
            "aws_subnet.tf_public_subnet1"
          ]
        },
        {
          "index_key": 1,
          "schema_version": 0,
          "attributes": {
            "id": "rtbassoc-05430fb6fdf35f3f5",
            "route_table_id": "rtb-000e34dd3dd000c25",
            "subnet_id": "subnet-03eba8a70fa48e123"
          },
          "private": "bnVsbA==",
          "depends_on": [
            "aws_route_table.tf_public_route",
            "aws_subnet.tf_public_subnet1"
          ]
        }
      ]
    },
    {
      "mode": "managed",
      "type": "aws_subnet",
      "name": "tf_public_subnet1",
      "each": "list",
      "provider": "provider.aws",
      "instances": [
        {
          "index_key": 0,
          "schema_version": 1,
          "attributes": {
            "arn": "arn:aws:ec2:us-east-1:977176859364:subnet/subnet-038d60eece18b0c6e",
            "assign_ipv6_address_on_creation": false,
            "availability_zone": "us-east-1a",
            "availability_zone_id": "use1-az6",
            "cidr_block": "10.123.1.0/24",
            "id": "subnet-038d60eece18b0c6e",
            "ipv6_cidr_block": "",
            "ipv6_cidr_block_association_id": "",
            "map_public_ip_on_launch": true,
            "owner_id": "977176859364",
            "tags": {
              "Name": "Public_subnet 1"
            },
            "timeouts": null,
            "vpc_id": "vpc-0287bdfed6b0b7f7a"
          },
          "private": "eyJlMmJmYjczMC1lY2FhLTExZTYtOGY4OC0zNDM2M2JjN2M0YzAiOnsiY3JlYXRlIjo2MDAwMDAwMDAwMDAsImRlbGV0ZSI6MTIwMDAwMDAwMDAwMH0sInNjaGVtYV92ZXJzaW9uIjoiMSJ9",
          "depends_on": [
            "aws_vpc.tf_vpc",
            "data.aws_availability_zones.dt_azs"
          ]
        },
        {
          "index_key": 1,
          "schema_version": 1,
          "attributes": {
            "arn": "arn:aws:ec2:us-east-1:977176859364:subnet/subnet-03eba8a70fa48e123",
            "assign_ipv6_address_on_creation": false,
            "availability_zone": "us-east-1b",
            "availability_zone_id": "use1-az1",
            "cidr_block": "10.123.2.0/24",
            "id": "subnet-03eba8a70fa48e123",
            "ipv6_cidr_block": "",
            "ipv6_cidr_block_association_id": "",
            "map_public_ip_on_launch": true,
            "owner_id": "977176859364",
            "tags": {
              "Name": "Public_subnet 2"
            },
            "timeouts": null,
            "vpc_id": "vpc-0287bdfed6b0b7f7a"
          },
          "private": "eyJlMmJmYjczMC1lY2FhLTExZTYtOGY4OC0zNDM2M2JjN2M0YzAiOnsiY3JlYXRlIjo2MDAwMDAwMDAwMDAsImRlbGV0ZSI6MTIwMDAwMDAwMDAwMH0sInNjaGVtYV92ZXJzaW9uIjoiMSJ9",
          "depends_on": [
            "aws_vpc.tf_vpc",
            "data.aws_availability_zones.dt_azs"
          ]
        }
      ]
    },
    {
      "mode": "managed",
      "type": "aws_vpc",
      "name": "tf_vpc",
      "provider": "provider.aws",
      "instances": [
        {
          "schema_version": 1,
          "attributes": {
            "arn": "arn:aws:ec2:us-east-1:977176859364:vpc/vpc-0287bdfed6b0b7f7a",
            "assign_generated_ipv6_cidr_block": false,
            "cidr_block": "10.123.0.0/16",
            "default_network_acl_id": "acl-01a98d6dcb002ddd1",
            "default_route_table_id": "rtb-0e8a2b4e54406fc56",
            "default_security_group_id": "sg-02ef8efdcb744f37d",
            "dhcp_options_id": "dopt-bd8ba1c6",
            "enable_classiclink": false,
            "enable_classiclink_dns_support": false,
            "enable_dns_hostnames": false,
            "enable_dns_support": true,
            "id": "vpc-0287bdfed6b0b7f7a",
            "instance_tenancy": "default",
            "ipv6_association_id": "",
            "ipv6_cidr_block": "",
            "main_route_table_id": "rtb-0e8a2b4e54406fc56",
            "owner_id": "977176859364",
            "tags": {
              "Name": "terraform_vpc"
            }
          },
          "private": "eyJzY2hlbWFfdmVyc2lvbiI6IjEifQ=="
        }
      ]
    }
  ]
}
