{
  "version": 4,
  "terraform_version": "0.12.3",
  "serial": 4,
  "lineage": "d7dd21a3-b3aa-5ac6-b403-b7f4e886c49b",
  "outputs": {
    "Bucket_Name": {
      "value": "siva-indu-23",
      "type": "string"
    },
    "Random_ID": {
      "value": "23",
      "type": "string"
    }
  },
  "resources": [
    {
      "module": "module.m-storage",
      "mode": "managed",
      "type": "aws_s3_bucket",
      "name": "tf_s3_bucket",
      "provider": "provider.aws",
      "instances": [
        {
          "schema_version": 0,
          "attributes": {
            "acceleration_status": "",
            "acl": "private",
            "arn": "arn:aws:s3:::siva-indu-23",
            "bucket": "siva-indu-23",
            "bucket_domain_name": "siva-indu-23.s3.amazonaws.com",
            "bucket_prefix": null,
            "bucket_regional_domain_name": "siva-indu-23.s3.ap-south-1.amazonaws.com",
            "cors_rule": [],
            "force_destroy": true,
            "hosted_zone_id": "Z11RGJOFQNVJUP",
            "id": "siva-indu-23",
            "lifecycle_rule": [],
            "logging": [],
            "object_lock_configuration": [],
            "policy": null,
            "region": "ap-south-1",
            "replication_configuration": [],
            "request_payer": "BucketOwner",
            "server_side_encryption_configuration": [],
            "tags": {
              "Name": "tf_bucket"
            },
            "versioning": [
              {
                "enabled": false,
                "mfa_delete": false
              }
            ],
            "website": [],
            "website_domain": null,
            "website_endpoint": null
          },
          "private": "bnVsbA==",
          "depends_on": [
            "random_id.tf_bucket_id"
          ]
        }
      ]
    },
    {
      "module": "module.m-storage",
      "mode": "managed",
      "type": "random_id",
      "name": "tf_bucket_id",
      "provider": "provider.random",
      "instances": [
        {
          "schema_version": 0,
          "attributes": {
            "b64": "Fw",
            "b64_std": "Fw==",
            "b64_url": "Fw",
            "byte_length": 1,
            "dec": "23",
            "hex": "17",
            "id": "Fw",
            "keepers": null,
            "prefix": null
          }
        }
      ]
    }
  ]
}
