{
  "version": 4,
  "terraform_version": "0.12.3",
  "serial": 24,
  "lineage": "996d0063-bf73-be4d-ebec-d8ef645ca9ee",
  "outputs": {
    "m-gcp-ip": {
      "value": "34.93.55.41",
      "type": "string"
    }
  },
  "resources": [
    {
      "module": "module.m-key-name",
      "mode": "managed",
      "type": "aws_key_pair",
      "name": "tf_key_pair",
      "provider": "module.m-key-name.provider.aws",
      "instances": [
        {
          "schema_version": 1,
          "attributes": {
            "fingerprint": "81:12:c5:7c:c1:e0:9c:82:ae:67:56:ba:cf:1e:f0:ac",
            "id": "siva_key",
            "key_name": "siva_key",
            "key_name_prefix": null,
            "public_key": "ssh-rsa AAAAB3NzaC1yc2EAAAADAQABAAABAQCfOlbs8kRCCzKs9EcNQA5tNyFvdoqi8fSEUwZo34OAG8ceTLsJZMuO+Q2NHsLWbqaBrn1xIqhP9Jrzn54qNS0rnkI3xFcCUab4OKSEYgGP42DPvMZTlcEh0IfvO0fV+4dHw/iNAm3Kf+pL8dlNBG5O2GQeHBF1oGvUbOHfA+k+2cvLK9X3q8INn+vEv8/lFLucKvskv/M+/wzkiWdiPxl2SNbcEY94Z7Eq6bvSAWf21GgtV65vXpQ5gSQHBilYS3Y/0EAqweA39Q+pgZgQKWMahwmjmNBUImNosoCN/XfRiUqGVRr9p+0lufvdaP0b2dzshRBxY8UKq2+nyT76naZF indira siva@DESKTOP-NL03JRM"
          },
          "private": "eyJzY2hlbWFfdmVyc2lvbiI6IjEifQ=="
        }
      ]
    },
    {
      "module": "module.m-instance1",
      "mode": "managed",
      "type": "google_compute_address",
      "name": "static",
      "provider": "provider.google",
      "instances": [
        {
          "schema_version": 0,
          "attributes": {
            "address": "34.93.55.41",
            "address_type": "EXTERNAL",
            "creation_timestamp": "2019-07-09T19:18:02.388-07:00",
            "description": "",
            "id": "devopspractise-235014/asia-south1/ipv4-address",
            "name": "ipv4-address",
            "network_tier": "PREMIUM",
            "project": "devopspractise-235014",
            "region": "asia-south1",
            "self_link": "https://www.googleapis.com/compute/v1/projects/devopspractise-235014/regions/asia-south1/addresses/ipv4-address",
            "subnetwork": "",
            "timeouts": null,
            "users": []
          },
          "private": "eyJlMmJmYjczMC1lY2FhLTExZTYtOGY4OC0zNDM2M2JjN2M0YzAiOnsiY3JlYXRlIjoyNDAwMDAwMDAwMDAsImRlbGV0ZSI6MjQwMDAwMDAwMDAwfX0="
        }
      ]
    },
    {
      "module": "module.m-instance1",
      "mode": "managed",
      "type": "google_compute_instance",
      "name": "tf_gcp_instance",
      "provider": "provider.google",
      "instances": [
        {
          "schema_version": 6,
          "attributes": {
            "allow_stopping_for_update": null,
            "attached_disk": [],
            "boot_disk": [
              {
                "auto_delete": true,
                "device_name": "persistent-disk-0",
                "disk_encryption_key_raw": "",
                "disk_encryption_key_sha256": "",
                "initialize_params": [
                  {
                    "image": "https://www.googleapis.com/compute/v1/projects/debian-cloud/global/images/debian-9-stretch-v20190618",
                    "size": 10,
                    "type": "pd-standard"
                  }
                ],
                "kms_key_self_link": "",
                "source": "https://www.googleapis.com/compute/v1/projects/devopspractise-235014/zones/asia-south1-a/disks/terraforminstance"
              }
            ],
            "can_ip_forward": false,
            "cpu_platform": "Intel Skylake",
            "deletion_protection": false,
            "description": null,
            "disk": [],
            "guest_accelerator": [],
            "hostname": "",
            "id": "terraforminstance",
            "instance_id": "2542737498908980238",
            "label_fingerprint": "42WmSpB8rSM=",
            "labels": null,
            "machine_type": "n1-standard-1",
            "metadata": null,
            "metadata_fingerprint": "1OH5h5s0mYI=",
            "metadata_startup_script": "",
            "min_cpu_platform": "",
            "name": "terraforminstance",
            "network_interface": [
              {
                "access_config": [
                  {
                    "assigned_nat_ip": "",
                    "nat_ip": "34.93.55.41",
                    "network_tier": "PREMIUM",
                    "public_ptr_domain_name": ""
                  }
                ],
                "address": "",
                "alias_ip_range": [],
                "name": "nic0",
                "network": "https://www.googleapis.com/compute/v1/projects/devopspractise-235014/global/networks/default",
                "network_ip": "10.160.0.10",
                "subnetwork": "https://www.googleapis.com/compute/v1/projects/devopspractise-235014/regions/asia-south1/subnetworks/default",
                "subnetwork_project": "devopspractise-235014"
              }
            ],
            "project": "devopspractise-235014",
            "scheduling": [
              {
                "automatic_restart": true,
                "node_affinities": [],
                "on_host_maintenance": "MIGRATE",
                "preemptible": false
              }
            ],
            "scratch_disk": [],
            "self_link": "https://www.googleapis.com/compute/v1/projects/devopspractise-235014/zones/asia-south1-a/instances/terraforminstance",
            "service_account": [],
            "shielded_instance_config": [],
            "tags": null,
            "tags_fingerprint": "42WmSpB8rSM=",
            "timeouts": null,
            "zone": "asia-south1-a"
          },
          "private": "eyJlMmJmYjczMC1lY2FhLTExZTYtOGY4OC0zNDM2M2JjN2M0YzAiOnsiY3JlYXRlIjoxMjAwMDAwMDAwMDAwLCJkZWxldGUiOjEyMDAwMDAwMDAwMDAsInVwZGF0ZSI6MTIwMDAwMDAwMDAwMH0sInNjaGVtYV92ZXJzaW9uIjoiNiJ9",
          "depends_on": [
            "google_compute_address.static"
          ]
        }
      ]
    }
  ]
}
