{
  "version": 4,
  "terraform_version": "0.12.3",
  "serial": 19,
  "lineage": "cc21f67a-c651-07a3-466d-65ee52bcad27",
  "outputs": {
    "Private_ips": {
      "value": [
        [
          "172.31.85.121"
        ]
      ],
      "type": [
        "tuple",
        [
          [
            "set",
            "string"
          ]
        ]
      ]
    },
    "Security_Group_ARN": {
      "value": "arn:aws:ec2:us-east-1:977176859364:security-group/sg-00a8e4bcf94bc4b12",
      "type": "string"
    },
    "Security_Group_Id": {
      "value": "sg-00a8e4bcf94bc4b12",
      "type": "string"
    },
    "Security_Group_Vpc_ID": {
      "value": "vpc-ca37beb0",
      "type": "string"
    },
    "cidr_block": {
      "value": "172.31.0.0/16",
      "type": "string"
    },
    "network_interfaces": {
      "value": [
        "eni-010b7cb273a49e238"
      ],
      "type": [
        "set",
        "string"
      ]
    },
    "subnet_ids": {
      "value": [
        "subnet-aa562d84",
        "subnet-e5770b82"
      ],
      "type": [
        "set",
        "string"
      ]
    }
  },
  "resources": [
    {
      "mode": "data",
      "type": "aws_network_interfaces",
      "name": "network_interfaces",
      "provider": "provider.aws",
      "instances": [
        {
          "schema_version": 0,
          "attributes": {
            "filter": null,
            "id": "terraform-20190713104501585300000001",
            "ids": [
              "eni-010b7cb273a49e238"
            ],
            "tags": null
          }
        }
      ]
    },
    {
      "mode": "data",
      "type": "aws_subnet_ids",
      "name": "subnet",
      "provider": "provider.aws",
      "instances": [
        {
          "schema_version": 0,
          "attributes": {
            "filter": null,
            "id": "vpc-ca37beb0",
            "ids": [
              "subnet-aa562d84",
              "subnet-e5770b82"
            ],
            "tags": {
              "tier": "Private"
            },
            "vpc_id": "vpc-ca37beb0"
          }
        }
      ]
    },
    {
      "mode": "data",
      "type": "aws_vpc",
      "name": "vpc",
      "provider": "provider.aws",
      "instances": [
        {
          "schema_version": 0,
          "attributes": {
            "arn": "arn:aws:ec2:us-east-1:977176859364:vpc/vpc-ca37beb0",
            "cidr_block": "172.31.0.0/16",
            "cidr_block_associations": [
              {
                "association_id": "vpc-cidr-assoc-0e234662",
                "cidr_block": "172.31.0.0/16",
                "state": "associated"
              }
            ],
            "default": true,
            "dhcp_options_id": "dopt-bd8ba1c6",
            "enable_dns_hostnames": true,
            "enable_dns_support": true,
            "filter": null,
            "id": "vpc-ca37beb0",
            "instance_tenancy": "default",
            "ipv6_association_id": null,
            "ipv6_cidr_block": null,
            "main_route_table_id": "rtb-92acb8ed",
            "owner_id": "977176859364",
            "state": "available",
            "tags": {}
          }
        }
      ]
    },
    {
      "mode": "managed",
      "type": "aws_network_interface",
      "name": "test",
      "each": "list",
      "provider": "provider.aws",
      "instances": [
        {
          "index_key": 0,
          "schema_version": 0,
          "attributes": {
            "attachment": [],
            "description": "Network Interface Card from Terraform",
            "id": "eni-010b7cb273a49e238",
            "private_dns_name": "ip-172-31-85-121.ec2.internal",
            "private_ip": "172.31.85.121",
            "private_ips": [
              "172.31.85.121"
            ],
            "private_ips_count": 0,
            "security_groups": [
              "sg-71d3c036"
            ],
            "source_dest_check": true,
            "subnet_id": "subnet-aa562d84",
            "tags": {
              "Name": "Network-Card-Terraform - 1"
            }
          },
          "private": "bnVsbA=="
        }
      ]
    },
    {
      "mode": "managed",
      "type": "aws_network_interface_sg_attachment",
      "name": "mysgattachment",
      "each": "list",
      "provider": "provider.aws",
      "instances": [
        {
          "index_key": 0,
          "schema_version": 0,
          "attributes": {
            "id": "sg-00a8e4bcf94bc4b12_eni-010b7cb273a49e238",
            "network_interface_id": "eni-010b7cb273a49e238",
            "security_group_id": "sg-00a8e4bcf94bc4b12"
          },
          "private": "bnVsbA==",
          "depends_on": [
            "aws_security_group.tf_sg_allow_all"
          ]
        }
      ]
    },
    {
      "mode": "managed",
      "type": "aws_security_group",
      "name": "tf_sg_allow_all",
      "provider": "provider.aws",
      "instances": [
        {
          "schema_version": 1,
          "attributes": {
            "arn": "arn:aws:ec2:us-east-1:977176859364:security-group/sg-00a8e4bcf94bc4b12",
            "description": "Demo Security group created by Terraform Script",
            "egress": [
              {
                "cidr_blocks": [
                  "0.0.0.0/0"
                ],
                "description": "",
                "from_port": 0,
                "ipv6_cidr_blocks": [],
                "prefix_list_ids": [],
                "protocol": "-1",
                "security_groups": [],
                "self": false,
                "to_port": 0
              }
            ],
            "id": "sg-00a8e4bcf94bc4b12",
            "ingress": [
              {
                "cidr_blocks": [
                  "0.0.0.0/0"
                ],
                "description": "",
                "from_port": 80,
                "ipv6_cidr_blocks": [],
                "prefix_list_ids": [],
                "protocol": "tcp",
                "security_groups": [],
                "self": true,
                "to_port": 80
              }
            ],
            "name": "My_Terraform_Sg",
            "name_prefix": null,
            "owner_id": "977176859364",
            "revoke_rules_on_delete": false,
            "tags": {
              "Name": "My_Terraform_Sg"
            },
            "timeouts": null,
            "vpc_id": "vpc-ca37beb0"
          },
          "private": "eyJlMmJmYjczMC1lY2FhLTExZTYtOGY4OC0zNDM2M2JjN2M0YzAiOnsiY3JlYXRlIjo2MDAwMDAwMDAwMDAsImRlbGV0ZSI6NjAwMDAwMDAwMDAwfSwic2NoZW1hX3ZlcnNpb24iOiIxIn0="
        }
      ]
    }
  ]
}
