{
  "version": 4,
  "terraform_version": "0.12.3",
  "serial": 42,
  "lineage": "a4280fca-29bf-71b3-d3a0-d44c997fa6e7",
  "outputs": {},
  "resources": [
    {
      "mode": "data",
      "type": "template_file",
      "name": "userdata",
      "provider": "provider.template",
      "instances": [
        {
          "schema_version": 0,
          "attributes": {
            "filename": null,
            "id": "fe16a7d47a65c4e484d2bdf891aa9caae5aca53ef1c5f2c45dcb16c6c735fac6",
            "rendered": "#!/bin/bash\r\n\r\nsudo apt update -y\r\nsudo apt install apache2 -y\r\nsudo systemctl start apache2\r\n",
            "template": "#!/bin/bash\r\n\r\nsudo apt update -y\r\nsudo apt install apache2 -y\r\nsudo systemctl start apache2\r\n",
            "vars": null
          }
        }
      ]
    },
    {
      "mode": "managed",
      "type": "aws_instance",
      "name": "tf_aws_instance",
      "provider": "provider.aws",
      "instances": [
        {
          "status": "tainted",
          "schema_version": 1,
          "attributes": {
            "ami": "ami-024a64a6685d05041",
            "arn": "arn:aws:ec2:us-east-1:977176859364:instance/i-0d6cd8280108ab2d9",
            "associate_public_ip_address": true,
            "availability_zone": "us-east-1c",
            "cpu_core_count": 1,
            "cpu_threads_per_core": 1,
            "credit_specification": [
              {
                "cpu_credits": "standard"
              }
            ],
            "disable_api_termination": false,
            "ebs_block_device": [],
            "ebs_optimized": false,
            "ephemeral_block_device": [],
            "get_password_data": false,
            "host_id": null,
            "iam_instance_profile": "",
            "id": "i-0d6cd8280108ab2d9",
            "instance_initiated_shutdown_behavior": null,
            "instance_state": "running",
            "instance_type": "t2.micro",
            "ipv6_address_count": 0,
            "ipv6_addresses": [],
            "key_name": "tf_nvirginia",
            "monitoring": false,
            "network_interface": [],
            "network_interface_id": null,
            "password_data": "",
            "placement_group": "",
            "primary_network_interface_id": "eni-01d8a8172b7b00c2b",
            "private_dns": "ip-172-31-88-151.ec2.internal",
            "private_ip": "172.31.88.151",
            "public_dns": "ec2-54-152-40-169.compute-1.amazonaws.com",
            "public_ip": "54.152.40.169",
            "root_block_device": [
              {
                "delete_on_termination": true,
                "iops": 100,
                "volume_id": "vol-0f5ac41db2bf6360a",
                "volume_size": 8,
                "volume_type": "gp2"
              }
            ],
            "security_groups": [
              "default"
            ],
            "source_dest_check": true,
            "subnet_id": "subnet-aa562d84",
            "tags": {
              "Env": "dev",
              "Name": "Apache Server"
            },
            "tenancy": "default",
            "timeouts": null,
            "user_data": "95d0383b5af2d919d6c324b39681f95bc799f01d",
            "user_data_base64": null,
            "volume_tags": {},
            "vpc_security_group_ids": [
              "sg-71d3c036"
            ]
          },
          "private": "eyJlMmJmYjczMC1lY2FhLTExZTYtOGY4OC0zNDM2M2JjN2M0YzAiOnsiY3JlYXRlIjo2MDAwMDAwMDAwMDAsImRlbGV0ZSI6MTIwMDAwMDAwMDAwMCwidXBkYXRlIjo2MDAwMDAwMDAwMDB9LCJzY2hlbWFfdmVyc2lvbiI6IjEifQ==",
          "depends_on": [
            "data.template_file.userdata"
          ]
        }
      ]
    }
  ]
}
