{
  "version": 4,
  "terraform_version": "0.12.3",
  "serial": 13,
  "lineage": "be4dda7d-859f-b8b1-e45e-4461acb81674",
  "outputs": {
    "Security_Group_ARN": {
      "value": "arn:aws:ec2:us-east-1:977176859364:security-group/sg-018b211e8c3c48c6d",
      "type": "string"
    },
    "Security_Group_Id": {
      "value": "sg-018b211e8c3c48c6d",
      "type": "string"
    },
    "Security_Group_Vpc_ID": {
      "value": "vpc-ca37beb0",
      "type": "string"
    },
    "cidr_block": {
      "value": "172.31.0.0/16",
      "type": "string"
    },
    "default_security_group_id_for_vpc": {
      "value": [
        "sg-71d3c036"
      ],
      "type": [
        "list",
        "string"
      ]
    },
    "default_security_group_id_for_vpc_1": {
      "value": "sg-71d3c036",
      "type": "string"
    },
    "hello": {
      "value": "sg-018b211e8c3c48c6d",
      "type": "string"
    },
    "network_interfaces": {
      "value": "eni-05143a55c0deb6751",
      "type": "string"
    },
    "security_groups_forNetworkInterfaceCard": {
      "value": [
        "sg-018b211e8c3c48c6d",
        "sg-71d3c036"
      ],
      "type": [
        "set",
        "string"
      ]
    },
    "subnet-count-2": {
      "value": "subnet-e5770b82",
      "type": "string"
    },
    "subnet_ids": {
      "value": [
        "subnet-aa562d84",
        "subnet-e5770b82"
      ],
      "type": [
        "set",
        "string"
      ]
    }
  },
  "resources": [
    {
      "mode": "data",
      "type": "aws_security_groups",
      "name": "dt_sg_groups",
      "provider": "provider.aws",
      "instances": [
        {
          "schema_version": 0,
          "attributes": {
            "filter": [
              {
                "name": "group-name",
                "values": [
                  "default"
                ]
              },
              {
                "name": "vpc-id",
                "values": [
                  "vpc-ca37beb0"
                ]
              }
            ],
            "id": "terraform-20190714185703679900000001",
            "ids": [
              "sg-71d3c036"
            ],
            "tags": null,
            "vpc_ids": [
              "vpc-ca37beb0"
            ]
          }
        }
      ]
    },
    {
      "mode": "data",
      "type": "aws_subnet_ids",
      "name": "subnet",
      "provider": "provider.aws",
      "instances": [
        {
          "schema_version": 0,
          "attributes": {
            "filter": null,
            "id": "vpc-ca37beb0",
            "ids": [
              "subnet-aa562d84",
              "subnet-e5770b82"
            ],
            "tags": {
              "tier": "Private"
            },
            "vpc_id": "vpc-ca37beb0"
          }
        }
      ]
    },
    {
      "mode": "data",
      "type": "aws_vpc",
      "name": "vpc",
      "provider": "provider.aws",
      "instances": [
        {
          "schema_version": 0,
          "attributes": {
            "arn": "arn:aws:ec2:us-east-1:977176859364:vpc/vpc-ca37beb0",
            "cidr_block": "172.31.0.0/16",
            "cidr_block_associations": [
              {
                "association_id": "vpc-cidr-assoc-0e234662",
                "cidr_block": "172.31.0.0/16",
                "state": "associated"
              }
            ],
            "default": true,
            "dhcp_options_id": "dopt-bd8ba1c6",
            "enable_dns_hostnames": true,
            "enable_dns_support": true,
            "filter": null,
            "id": "vpc-ca37beb0",
            "instance_tenancy": "default",
            "ipv6_association_id": null,
            "ipv6_cidr_block": null,
            "main_route_table_id": "rtb-92acb8ed",
            "owner_id": "977176859364",
            "state": "available",
            "tags": {}
          }
        }
      ]
    },
    {
      "mode": "managed",
      "type": "aws_network_interface",
      "name": "test",
      "provider": "provider.aws",
      "instances": [
        {
          "schema_version": 0,
          "attributes": {
            "attachment": [],
            "description": "Network Interface Card from Terraform",
            "id": "eni-05143a55c0deb6751",
            "private_dns_name": "ip-172-31-14-237.ec2.internal",
            "private_ip": "172.31.14.237",
            "private_ips": [
              "172.31.14.237"
            ],
            "private_ips_count": 0,
            "security_groups": [
              "sg-018b211e8c3c48c6d",
              "sg-71d3c036"
            ],
            "source_dest_check": true,
            "subnet_id": "subnet-e5770b82",
            "tags": {
              "Name": "Network-Card-Terraform"
            }
          },
          "private": "bnVsbA==",
          "depends_on": [
            "aws_security_group.tf_sg_allow_all",
            "data.aws_security_groups.dt_sg_groups",
            "data.aws_subnet_ids.subnet"
          ]
        }
      ]
    },
    {
      "mode": "managed",
      "type": "aws_security_group",
      "name": "tf_sg_allow_all",
      "provider": "provider.aws",
      "instances": [
        {
          "schema_version": 1,
          "attributes": {
            "arn": "arn:aws:ec2:us-east-1:977176859364:security-group/sg-018b211e8c3c48c6d",
            "description": "Demo Security group created by Terraform Script",
            "egress": [
              {
                "cidr_blocks": [
                  "0.0.0.0/0"
                ],
                "description": "",
                "from_port": 0,
                "ipv6_cidr_blocks": [],
                "prefix_list_ids": [],
                "protocol": "-1",
                "security_groups": [],
                "self": false,
                "to_port": 0
              }
            ],
            "id": "sg-018b211e8c3c48c6d",
            "ingress": [
              {
                "cidr_blocks": [
                  "0.0.0.0/0"
                ],
                "description": "",
                "from_port": 80,
                "ipv6_cidr_blocks": [],
                "prefix_list_ids": [],
                "protocol": "tcp",
                "security_groups": [],
                "self": true,
                "to_port": 80
              }
            ],
            "name": "My_Terraform_Sg",
            "name_prefix": null,
            "owner_id": "977176859364",
            "revoke_rules_on_delete": false,
            "tags": {
              "Name": "My_Terraform_Sg"
            },
            "timeouts": null,
            "vpc_id": "vpc-ca37beb0"
          },
          "private": "eyJlMmJmYjczMC1lY2FhLTExZTYtOGY4OC0zNDM2M2JjN2M0YzAiOnsiY3JlYXRlIjo2MDAwMDAwMDAwMDAsImRlbGV0ZSI6NjAwMDAwMDAwMDAwfSwic2NoZW1hX3ZlcnNpb24iOiIxIn0="
        }
      ]
    }
  ]
}
