{
  "version": 4,
  "terraform_version": "0.12.3",
  "serial": 8,
  "lineage": "0be0c098-a13f-9b70-ef1e-e2659e28f2b4",
  "outputs": {},
  "resources": [
    {
      "mode": "managed",
      "type": "local_file",
      "name": "tf_first_file",
      "provider": "provider.local",
      "instances": [
        {
          "schema_version": 0,
          "attributes": {
            "content": "Hello from Dell Laptop",
            "content_base64": null,
            "filename": "siva",
            "id": "e7489677a23e01961194183b867188f10d04afe6",
            "sensitive_content": null
          },
          "private": "bnVsbA=="
        }
      ]
    }
  ]
}
